
Microsoft Visual Studio Solution File, Format Version 12.00
# Visual Studio Version 17
Project("{2150E333-8FDC-42A3-9474-1A3956D46DE8}") = "CMakePredefinedTargets", "CMakePredefinedTargets", "{48C20FD7-6BF9-3E6E-BB3A-2C89007E086B}"
EndProject
Project("{2150E333-8FDC-42A3-9474-1A3956D46DE8}") = "GLFW3", "GLFW3", "{79B78BA7-F724-3DC2-92CA-05ED3DB588AD}"
EndProject
Project("{2150E333-8FDC-42A3-9474-1A3956D46DE8}") = "Examples", "GLFW3\Examples", "{7A947FD6-5DD7-3D9C-AFE6-76190CBB4BA4}"
EndProject
Project("{2150E333-8FDC-42A3-9474-1A3956D46DE8}") = "Tests", "GLFW3\Tests", "{8C254F75-A8C5-3191-8204-F3F389010196}"
EndProject
Project("{8BC9CEB8-8B4A-11D0-8D11-00A0C91BC942}") = "ALL_BUILD", "ALL_BUILD.vcxproj", "{A4AEB8A1-469F-3519-BA25-156DC4AE7CFE}"
	ProjectSection(ProjectDependencies) = postProject
		{03D55F14-6038-3F55-B00B-31B0BAEB04CC} = {03D55F14-6038-3F55-B00B-31B0BAEB04CC}
		{E03E0C2E-64B6-3754-8B3F-D1F0DC11EDA4} = {E03E0C2E-64B6-3754-8B3F-D1F0DC11EDA4}
		{5BAB07AE-5C8A-3C89-A732-7E9858ACF7E0} = {5BAB07AE-5C8A-3C89-A732-7E9858ACF7E0}
		{0DEC2524-5DDA-3DBB-8DD9-E02F82C50383} = {0DEC2524-5DDA-3DBB-8DD9-E02F82C50383}
		{60DF3735-B1DB-3995-9F36-76775DE81B88} = {60DF3735-B1DB-3995-9F36-76775DE81B88}
		{667241D9-FAF3-35D2-91E4-BCCB1432A31A} = {667241D9-FAF3-35D2-91E4-BCCB1432A31A}
		{8D476DB7-8CE1-3632-87F9-E89DAA272AF7} = {8D476DB7-8CE1-3632-87F9-E89DAA272AF7}
		{85046D24-2EE9-3B7B-921C-DF3AC27B0454} = {85046D24-2EE9-3B7B-921C-DF3AC27B0454}
		{5CEEA7BF-B4F6-3C16-AD7C-0408FD738926} = {5CEEA7BF-B4F6-3C16-AD7C-0408FD738926}
		{F4323907-32C1-3FB4-AAD7-5E8F3F538C06} = {F4323907-32C1-3FB4-AAD7-5E8F3F538C06}
		{794023F4-99C6-3352-9D4E-B1E4717C2F2A} = {794023F4-99C6-3352-9D4E-B1E4717C2F2A}
		{22B8EBC3-0BDE-3BC9-A9AF-FB26DF95CD28} = {22B8EBC3-0BDE-3BC9-A9AF-FB26DF95CD28}
		{3B0A4546-BAAE-3F25-9ED8-143C5964BA7C} = {3B0A4546-BAAE-3F25-9ED8-143C5964BA7C}
		{1C07BF15-31B1-3BC4-8FFA-8024F505DFEC} = {1C07BF15-31B1-3BC4-8FFA-8024F505DFEC}
		{2D304502-C9F7-3C4C-856A-71DB50CD7197} = {2D304502-C9F7-3C4C-856A-71DB50CD7197}
		{1121BD33-73D3-3FE7-98EE-CF92E9E45F12} = {1121BD33-73D3-3FE7-98EE-CF92E9E45F12}
		{6D4334FF-333F-3FE8-93D3-EC2509AC05AC} = {6D4334FF-333F-3FE8-93D3-EC2509AC05AC}
		{19480517-C142-30F3-9EEE-179C0C1516AE} = {19480517-C142-30F3-9EEE-179C0C1516AE}
		{05EFDAA4-466C-3C20-9A06-AFFAC69EC292} = {05EFDAA4-466C-3C20-9A06-AFFAC69EC292}
		{60256E8B-B085-3134-A409-B4DA23473CE4} = {60256E8B-B085-3134-A409-B4DA23473CE4}
		{AAFF8616-B953-3DC5-BFC1-C5548AC2DF36} = {AAFF8616-B953-3DC5-BFC1-C5548AC2DF36}
		{7A5088FB-C2BA-3780-8DB7-67A0AE837495} = {7A5088FB-C2BA-3780-8DB7-67A0AE837495}
		{E16A5EE8-86E4-325F-BCAC-69E817496135} = {E16A5EE8-86E4-325F-BCAC-69E817496135}
		{545E31FE-44DE-329D-889E-12E1B850494D} = {545E31FE-44DE-329D-889E-12E1B850494D}
		{3091AF45-A6BC-39DB-BF5C-D0D371355728} = {3091AF45-A6BC-39DB-BF5C-D0D371355728}
		{09BB4143-5FCE-3F23-A481-9B7943031E6B} = {09BB4143-5FCE-3F23-A481-9B7943031E6B}
		{DDDA9636-B793-3B6C-92C2-840009059306} = {DDDA9636-B793-3B6C-92C2-840009059306}
		{D0164BCE-810B-3219-B18C-3F3B4693A27F} = {D0164BCE-810B-3219-B18C-3F3B4693A27F}
		{41568CD2-80AC-36A5-A266-45C4D5AE3C60} = {41568CD2-80AC-36A5-A266-45C4D5AE3C60}
		{0CADEBE1-3758-3308-846B-D7EC9B1A0F72} = {0CADEBE1-3758-3308-846B-D7EC9B1A0F72}
		{8593F73B-5AB6-399E-808A-3C04DC9FBDAF} = {8593F73B-5AB6-399E-808A-3C04DC9FBDAF}
	EndProjectSection
EndProject
Project("{8BC9CEB8-8B4A-11D0-8D11-00A0C91BC942}") = "INSTALL", "INSTALL.vcxproj", "{CB60DF34-7881-31E9-9C77-1CFAD7A0858A}"
	ProjectSection(ProjectDependencies) = postProject
		{A4AEB8A1-469F-3519-BA25-156DC4AE7CFE} = {A4AEB8A1-469F-3519-BA25-156DC4AE7CFE}
		{03D55F14-6038-3F55-B00B-31B0BAEB04CC} = {03D55F14-6038-3F55-B00B-31B0BAEB04CC}
	EndProjectSection
EndProject
Project("{8BC9CEB8-8B4A-11D0-8D11-00A0C91BC942}") = "ZERO_CHECK", "ZERO_CHECK.vcxproj", "{03D55F14-6038-3F55-B00B-31B0BAEB04CC}"
	ProjectSection(ProjectDependencies) = postProject
	EndProjectSection
EndProject
Project("{8BC9CEB8-8B4A-11D0-8D11-00A0C91BC942}") = "boing", "examples\boing.vcxproj", "{E03E0C2E-64B6-3754-8B3F-D1F0DC11EDA4}"
	ProjectSection(ProjectDependencies) = postProject
		{03D55F14-6038-3F55-B00B-31B0BAEB04CC} = {03D55F14-6038-3F55-B00B-31B0BAEB04CC}
		{5CEEA7BF-B4F6-3C16-AD7C-0408FD738926} = {5CEEA7BF-B4F6-3C16-AD7C-0408FD738926}
	EndProjectSection
EndProject
Project("{8BC9CEB8-8B4A-11D0-8D11-00A0C91BC942}") = "clipboard", "tests\clipboard.vcxproj", "{5BAB07AE-5C8A-3C89-A732-7E9858ACF7E0}"
	ProjectSection(ProjectDependencies) = postProject
		{03D55F14-6038-3F55-B00B-31B0BAEB04CC} = {03D55F14-6038-3F55-B00B-31B0BAEB04CC}
		{5CEEA7BF-B4F6-3C16-AD7C-0408FD738926} = {5CEEA7BF-B4F6-3C16-AD7C-0408FD738926}
	EndProjectSection
EndProject
Project("{8BC9CEB8-8B4A-11D0-8D11-00A0C91BC942}") = "cursor", "tests\cursor.vcxproj", "{0DEC2524-5DDA-3DBB-8DD9-E02F82C50383}"
	ProjectSection(ProjectDependencies) = postProject
		{03D55F14-6038-3F55-B00B-31B0BAEB04CC} = {03D55F14-6038-3F55-B00B-31B0BAEB04CC}
		{5CEEA7BF-B4F6-3C16-AD7C-0408FD738926} = {5CEEA7BF-B4F6-3C16-AD7C-0408FD738926}
	EndProjectSection
EndProject
Project("{8BC9CEB8-8B4A-11D0-8D11-00A0C91BC942}") = "empty", "tests\empty.vcxproj", "{60DF3735-B1DB-3995-9F36-76775DE81B88}"
	ProjectSection(ProjectDependencies) = postProject
		{03D55F14-6038-3F55-B00B-31B0BAEB04CC} = {03D55F14-6038-3F55-B00B-31B0BAEB04CC}
		{5CEEA7BF-B4F6-3C16-AD7C-0408FD738926} = {5CEEA7BF-B4F6-3C16-AD7C-0408FD738926}
	EndProjectSection
EndProject
Project("{8BC9CEB8-8B4A-11D0-8D11-00A0C91BC942}") = "events", "tests\events.vcxproj", "{667241D9-FAF3-35D2-91E4-BCCB1432A31A}"
	ProjectSection(ProjectDependencies) = postProject
		{03D55F14-6038-3F55-B00B-31B0BAEB04CC} = {03D55F14-6038-3F55-B00B-31B0BAEB04CC}
		{5CEEA7BF-B4F6-3C16-AD7C-0408FD738926} = {5CEEA7BF-B4F6-3C16-AD7C-0408FD738926}
	EndProjectSection
EndProject
Project("{8BC9CEB8-8B4A-11D0-8D11-00A0C91BC942}") = "gamma", "tests\gamma.vcxproj", "{8D476DB7-8CE1-3632-87F9-E89DAA272AF7}"
	ProjectSection(ProjectDependencies) = postProject
		{03D55F14-6038-3F55-B00B-31B0BAEB04CC} = {03D55F14-6038-3F55-B00B-31B0BAEB04CC}
		{5CEEA7BF-B4F6-3C16-AD7C-0408FD738926} = {5CEEA7BF-B4F6-3C16-AD7C-0408FD738926}
	EndProjectSection
EndProject
Project("{8BC9CEB8-8B4A-11D0-8D11-00A0C91BC942}") = "gears", "examples\gears.vcxproj", "{85046D24-2EE9-3B7B-921C-DF3AC27B0454}"
	ProjectSection(ProjectDependencies) = postProject
		{03D55F14-6038-3F55-B00B-31B0BAEB04CC} = {03D55F14-6038-3F55-B00B-31B0BAEB04CC}
		{5CEEA7BF-B4F6-3C16-AD7C-0408FD738926} = {5CEEA7BF-B4F6-3C16-AD7C-0408FD738926}
	EndProjectSection
EndProject
Project("{8BC9CEB8-8B4A-11D0-8D11-00A0C91BC942}") = "glfw", "src\glfw.vcxproj", "{5CEEA7BF-B4F6-3C16-AD7C-0408FD738926}"
	ProjectSection(ProjectDependencies) = postProject
		{03D55F14-6038-3F55-B00B-31B0BAEB04CC} = {03D55F14-6038-3F55-B00B-31B0BAEB04CC}
	EndProjectSection
EndProject
Project("{8BC9CEB8-8B4A-11D0-8D11-00A0C91BC942}") = "glfwinfo", "tests\glfwinfo.vcxproj", "{F4323907-32C1-3FB4-AAD7-5E8F3F538C06}"
	ProjectSection(ProjectDependencies) = postProject
		{03D55F14-6038-3F55-B00B-31B0BAEB04CC} = {03D55F14-6038-3F55-B00B-31B0BAEB04CC}
		{5CEEA7BF-B4F6-3C16-AD7C-0408FD738926} = {5CEEA7BF-B4F6-3C16-AD7C-0408FD738926}
	EndProjectSection
EndProject
Project("{8BC9CEB8-8B4A-11D0-8D11-00A0C91BC942}") = "heightmap", "examples\heightmap.vcxproj", "{794023F4-99C6-3352-9D4E-B1E4717C2F2A}"
	ProjectSection(ProjectDependencies) = postProject
		{03D55F14-6038-3F55-B00B-31B0BAEB04CC} = {03D55F14-6038-3F55-B00B-31B0BAEB04CC}
		{5CEEA7BF-B4F6-3C16-AD7C-0408FD738926} = {5CEEA7BF-B4F6-3C16-AD7C-0408FD738926}
	EndProjectSection
EndProject
Project("{8BC9CEB8-8B4A-11D0-8D11-00A0C91BC942}") = "icon", "tests\icon.vcxproj", "{22B8EBC3-0BDE-3BC9-A9AF-FB26DF95CD28}"
	ProjectSection(ProjectDependencies) = postProject
		{03D55F14-6038-3F55-B00B-31B0BAEB04CC} = {03D55F14-6038-3F55-B00B-31B0BAEB04CC}
		{5CEEA7BF-B4F6-3C16-AD7C-0408FD738926} = {5CEEA7BF-B4F6-3C16-AD7C-0408FD738926}
	EndProjectSection
EndProject
Project("{8BC9CEB8-8B4A-11D0-8D11-00A0C91BC942}") = "iconify", "tests\iconify.vcxproj", "{3B0A4546-BAAE-3F25-9ED8-143C5964BA7C}"
	ProjectSection(ProjectDependencies) = postProject
		{03D55F14-6038-3F55-B00B-31B0BAEB04CC} = {03D55F14-6038-3F55-B00B-31B0BAEB04CC}
		{5CEEA7BF-B4F6-3C16-AD7C-0408FD738926} = {5CEEA7BF-B4F6-3C16-AD7C-0408FD738926}
	EndProjectSection
EndProject
Project("{8BC9CEB8-8B4A-11D0-8D11-00A0C91BC942}") = "inputlag", "tests\inputlag.vcxproj", "{1C07BF15-31B1-3BC4-8FFA-8024F505DFEC}"
	ProjectSection(ProjectDependencies) = postProject
		{03D55F14-6038-3F55-B00B-31B0BAEB04CC} = {03D55F14-6038-3F55-B00B-31B0BAEB04CC}
		{5CEEA7BF-B4F6-3C16-AD7C-0408FD738926} = {5CEEA7BF-B4F6-3C16-AD7C-0408FD738926}
	EndProjectSection
EndProject
Project("{8BC9CEB8-8B4A-11D0-8D11-00A0C91BC942}") = "joysticks", "tests\joysticks.vcxproj", "{2D304502-C9F7-3C4C-856A-71DB50CD7197}"
	ProjectSection(ProjectDependencies) = postProject
		{03D55F14-6038-3F55-B00B-31B0BAEB04CC} = {03D55F14-6038-3F55-B00B-31B0BAEB04CC}
		{5CEEA7BF-B4F6-3C16-AD7C-0408FD738926} = {5CEEA7BF-B4F6-3C16-AD7C-0408FD738926}
	EndProjectSection
EndProject
Project("{8BC9CEB8-8B4A-11D0-8D11-00A0C91BC942}") = "monitors", "tests\monitors.vcxproj", "{1121BD33-73D3-3FE7-98EE-CF92E9E45F12}"
	ProjectSection(ProjectDependencies) = postProject
		{03D55F14-6038-3F55-B00B-31B0BAEB04CC} = {03D55F14-6038-3F55-B00B-31B0BAEB04CC}
		{5CEEA7BF-B4F6-3C16-AD7C-0408FD738926} = {5CEEA7BF-B4F6-3C16-AD7C-0408FD738926}
	EndProjectSection
EndProject
Project("{8BC9CEB8-8B4A-11D0-8D11-00A0C91BC942}") = "msaa", "tests\msaa.vcxproj", "{6D4334FF-333F-3FE8-93D3-EC2509AC05AC}"
	ProjectSection(ProjectDependencies) = postProject
		{03D55F14-6038-3F55-B00B-31B0BAEB04CC} = {03D55F14-6038-3F55-B00B-31B0BAEB04CC}
		{5CEEA7BF-B4F6-3C16-AD7C-0408FD738926} = {5CEEA7BF-B4F6-3C16-AD7C-0408FD738926}
	EndProjectSection
EndProject
Project("{8BC9CEB8-8B4A-11D0-8D11-00A0C91BC942}") = "offscreen", "examples\offscreen.vcxproj", "{19480517-C142-30F3-9EEE-179C0C1516AE}"
	ProjectSection(ProjectDependencies) = postProject
		{03D55F14-6038-3F55-B00B-31B0BAEB04CC} = {03D55F14-6038-3F55-B00B-31B0BAEB04CC}
		{5CEEA7BF-B4F6-3C16-AD7C-0408FD738926} = {5CEEA7BF-B4F6-3C16-AD7C-0408FD738926}
	EndProjectSection
EndProject
Project("{8BC9CEB8-8B4A-11D0-8D11-00A0C91BC942}") = "opacity", "tests\opacity.vcxproj", "{05EFDAA4-466C-3C20-9A06-AFFAC69EC292}"
	ProjectSection(ProjectDependencies) = postProject
		{03D55F14-6038-3F55-B00B-31B0BAEB04CC} = {03D55F14-6038-3F55-B00B-31B0BAEB04CC}
		{5CEEA7BF-B4F6-3C16-AD7C-0408FD738926} = {5CEEA7BF-B4F6-3C16-AD7C-0408FD738926}
	EndProjectSection
EndProject
Project("{8BC9CEB8-8B4A-11D0-8D11-00A0C91BC942}") = "particles", "examples\particles.vcxproj", "{60256E8B-B085-3134-A409-B4DA23473CE4}"
	ProjectSection(ProjectDependencies) = postProject
		{03D55F14-6038-3F55-B00B-31B0BAEB04CC} = {03D55F14-6038-3F55-B00B-31B0BAEB04CC}
		{5CEEA7BF-B4F6-3C16-AD7C-0408FD738926} = {5CEEA7BF-B4F6-3C16-AD7C-0408FD738926}
	EndProjectSection
EndProject
Project("{8BC9CEB8-8B4A-11D0-8D11-00A0C91BC942}") = "reopen", "tests\reopen.vcxproj", "{AAFF8616-B953-3DC5-BFC1-C5548AC2DF36}"
	ProjectSection(ProjectDependencies) = postProject
		{03D55F14-6038-3F55-B00B-31B0BAEB04CC} = {03D55F14-6038-3F55-B00B-31B0BAEB04CC}
		{5CEEA7BF-B4F6-3C16-AD7C-0408FD738926} = {5CEEA7BF-B4F6-3C16-AD7C-0408FD738926}
	EndProjectSection
EndProject
Project("{8BC9CEB8-8B4A-11D0-8D11-00A0C91BC942}") = "sharing", "examples\sharing.vcxproj", "{7A5088FB-C2BA-3780-8DB7-67A0AE837495}"
	ProjectSection(ProjectDependencies) = postProject
		{03D55F14-6038-3F55-B00B-31B0BAEB04CC} = {03D55F14-6038-3F55-B00B-31B0BAEB04CC}
		{5CEEA7BF-B4F6-3C16-AD7C-0408FD738926} = {5CEEA7BF-B4F6-3C16-AD7C-0408FD738926}
	EndProjectSection
EndProject
Project("{8BC9CEB8-8B4A-11D0-8D11-00A0C91BC942}") = "simple", "examples\simple.vcxproj", "{E16A5EE8-86E4-325F-BCAC-69E817496135}"
	ProjectSection(ProjectDependencies) = postProject
		{03D55F14-6038-3F55-B00B-31B0BAEB04CC} = {03D55F14-6038-3F55-B00B-31B0BAEB04CC}
		{5CEEA7BF-B4F6-3C16-AD7C-0408FD738926} = {5CEEA7BF-B4F6-3C16-AD7C-0408FD738926}
	EndProjectSection
EndProject
Project("{8BC9CEB8-8B4A-11D0-8D11-00A0C91BC942}") = "splitview", "examples\splitview.vcxproj", "{545E31FE-44DE-329D-889E-12E1B850494D}"
	ProjectSection(ProjectDependencies) = postProject
		{03D55F14-6038-3F55-B00B-31B0BAEB04CC} = {03D55F14-6038-3F55-B00B-31B0BAEB04CC}
		{5CEEA7BF-B4F6-3C16-AD7C-0408FD738926} = {5CEEA7BF-B4F6-3C16-AD7C-0408FD738926}
	EndProjectSection
EndProject
Project("{8BC9CEB8-8B4A-11D0-8D11-00A0C91BC942}") = "tearing", "tests\tearing.vcxproj", "{3091AF45-A6BC-39DB-BF5C-D0D371355728}"
	ProjectSection(ProjectDependencies) = postProject
		{03D55F14-6038-3F55-B00B-31B0BAEB04CC} = {03D55F14-6038-3F55-B00B-31B0BAEB04CC}
		{5CEEA7BF-B4F6-3C16-AD7C-0408FD738926} = {5CEEA7BF-B4F6-3C16-AD7C-0408FD738926}
	EndProjectSection
EndProject
Project("{8BC9CEB8-8B4A-11D0-8D11-00A0C91BC942}") = "threads", "tests\threads.vcxproj", "{09BB4143-5FCE-3F23-A481-9B7943031E6B}"
	ProjectSection(ProjectDependencies) = postProject
		{03D55F14-6038-3F55-B00B-31B0BAEB04CC} = {03D55F14-6038-3F55-B00B-31B0BAEB04CC}
		{5CEEA7BF-B4F6-3C16-AD7C-0408FD738926} = {5CEEA7BF-B4F6-3C16-AD7C-0408FD738926}
	EndProjectSection
EndProject
Project("{8BC9CEB8-8B4A-11D0-8D11-00A0C91BC942}") = "timeout", "tests\timeout.vcxproj", "{DDDA9636-B793-3B6C-92C2-840009059306}"
	ProjectSection(ProjectDependencies) = postProject
		{03D55F14-6038-3F55-B00B-31B0BAEB04CC} = {03D55F14-6038-3F55-B00B-31B0BAEB04CC}
		{5CEEA7BF-B4F6-3C16-AD7C-0408FD738926} = {5CEEA7BF-B4F6-3C16-AD7C-0408FD738926}
	EndProjectSection
EndProject
Project("{8BC9CEB8-8B4A-11D0-8D11-00A0C91BC942}") = "title", "tests\title.vcxproj", "{D0164BCE-810B-3219-B18C-3F3B4693A27F}"
	ProjectSection(ProjectDependencies) = postProject
		{03D55F14-6038-3F55-B00B-31B0BAEB04CC} = {03D55F14-6038-3F55-B00B-31B0BAEB04CC}
		{5CEEA7BF-B4F6-3C16-AD7C-0408FD738926} = {5CEEA7BF-B4F6-3C16-AD7C-0408FD738926}
	EndProjectSection
EndProject
Project("{8BC9CEB8-8B4A-11D0-8D11-00A0C91BC942}") = "triangle-vulkan", "tests\triangle-vulkan.vcxproj", "{41568CD2-80AC-36A5-A266-45C4D5AE3C60}"
	ProjectSection(ProjectDependencies) = postProject
		{03D55F14-6038-3F55-B00B-31B0BAEB04CC} = {03D55F14-6038-3F55-B00B-31B0BAEB04CC}
		{5CEEA7BF-B4F6-3C16-AD7C-0408FD738926} = {5CEEA7BF-B4F6-3C16-AD7C-0408FD738926}
	EndProjectSection
EndProject
Project("{8BC9CEB8-8B4A-11D0-8D11-00A0C91BC942}") = "uninstall", "uninstall.vcxproj", "{E83741F3-95C8-3EA4-8BDD-C3B2CF431625}"
	ProjectSection(ProjectDependencies) = postProject
		{03D55F14-6038-3F55-B00B-31B0BAEB04CC} = {03D55F14-6038-3F55-B00B-31B0BAEB04CC}
	EndProjectSection
EndProject
Project("{8BC9CEB8-8B4A-11D0-8D11-00A0C91BC942}") = "update_mappings", "src\update_mappings.vcxproj", "{0718C6FB-CC91-341D-B537-2213F58AE1CD}"
	ProjectSection(ProjectDependencies) = postProject
		{03D55F14-6038-3F55-B00B-31B0BAEB04CC} = {03D55F14-6038-3F55-B00B-31B0BAEB04CC}
	EndProjectSection
EndProject
Project("{8BC9CEB8-8B4A-11D0-8D11-00A0C91BC942}") = "wave", "examples\wave.vcxproj", "{0CADEBE1-3758-3308-846B-D7EC9B1A0F72}"
	ProjectSection(ProjectDependencies) = postProject
		{03D55F14-6038-3F55-B00B-31B0BAEB04CC} = {03D55F14-6038-3F55-B00B-31B0BAEB04CC}
		{5CEEA7BF-B4F6-3C16-AD7C-0408FD738926} = {5CEEA7BF-B4F6-3C16-AD7C-0408FD738926}
	EndProjectSection
EndProject
Project("{8BC9CEB8-8B4A-11D0-8D11-00A0C91BC942}") = "windows", "tests\windows.vcxproj", "{8593F73B-5AB6-399E-808A-3C04DC9FBDAF}"
	ProjectSection(ProjectDependencies) = postProject
		{03D55F14-6038-3F55-B00B-31B0BAEB04CC} = {03D55F14-6038-3F55-B00B-31B0BAEB04CC}
		{5CEEA7BF-B4F6-3C16-AD7C-0408FD738926} = {5CEEA7BF-B4F6-3C16-AD7C-0408FD738926}
	EndProjectSection
EndProject
Global
	GlobalSection(SolutionConfigurationPlatforms) = preSolution
		Debug|x64 = Debug|x64
		Release|x64 = Release|x64
		MinSizeRel|x64 = MinSizeRel|x64
		RelWithDebInfo|x64 = RelWithDebInfo|x64
	EndGlobalSection
	GlobalSection(ProjectConfigurationPlatforms) = postSolution
		{A4AEB8A1-469F-3519-BA25-156DC4AE7CFE}.Debug|x64.ActiveCfg = Debug|x64
		{A4AEB8A1-469F-3519-BA25-156DC4AE7CFE}.Debug|x64.Build.0 = Debug|x64
		{A4AEB8A1-469F-3519-BA25-156DC4AE7CFE}.Release|x64.ActiveCfg = Release|x64
		{A4AEB8A1-469F-3519-BA25-156DC4AE7CFE}.Release|x64.Build.0 = Release|x64
		{A4AEB8A1-469F-3519-BA25-156DC4AE7CFE}.MinSizeRel|x64.ActiveCfg = MinSizeRel|x64
		{A4AEB8A1-469F-3519-BA25-156DC4AE7CFE}.MinSizeRel|x64.Build.0 = MinSizeRel|x64
		{A4AEB8A1-469F-3519-BA25-156DC4AE7CFE}.RelWithDebInfo|x64.ActiveCfg = RelWithDebInfo|x64
		{A4AEB8A1-469F-3519-BA25-156DC4AE7CFE}.RelWithDebInfo|x64.Build.0 = RelWithDebInfo|x64
		{CB60DF34-7881-31E9-9C77-1CFAD7A0858A}.Debug|x64.ActiveCfg = Debug|x64
		{CB60DF34-7881-31E9-9C77-1CFAD7A0858A}.Release|x64.ActiveCfg = Release|x64
		{CB60DF34-7881-31E9-9C77-1CFAD7A0858A}.MinSizeRel|x64.ActiveCfg = MinSizeRel|x64
		{CB60DF34-7881-31E9-9C77-1CFAD7A0858A}.RelWithDebInfo|x64.ActiveCfg = RelWithDebInfo|x64
		{03D55F14-6038-3F55-B00B-31B0BAEB04CC}.Debug|x64.ActiveCfg = Debug|x64
		{03D55F14-6038-3F55-B00B-31B0BAEB04CC}.Debug|x64.Build.0 = Debug|x64
		{03D55F14-6038-3F55-B00B-31B0BAEB04CC}.Release|x64.ActiveCfg = Release|x64
		{03D55F14-6038-3F55-B00B-31B0BAEB04CC}.Release|x64.Build.0 = Release|x64
		{03D55F14-6038-3F55-B00B-31B0BAEB04CC}.MinSizeRel|x64.ActiveCfg = MinSizeRel|x64
		{03D55F14-6038-3F55-B00B-31B0BAEB04CC}.MinSizeRel|x64.Build.0 = MinSizeRel|x64
		{03D55F14-6038-3F55-B00B-31B0BAEB04CC}.RelWithDebInfo|x64.ActiveCfg = RelWithDebInfo|x64
		{03D55F14-6038-3F55-B00B-31B0BAEB04CC}.RelWithDebInfo|x64.Build.0 = RelWithDebInfo|x64
		{E03E0C2E-64B6-3754-8B3F-D1F0DC11EDA4}.Debug|x64.ActiveCfg = Debug|x64
		{E03E0C2E-64B6-3754-8B3F-D1F0DC11EDA4}.Debug|x64.Build.0 = Debug|x64
		{E03E0C2E-64B6-3754-8B3F-D1F0DC11EDA4}.Release|x64.ActiveCfg = Release|x64
		{E03E0C2E-64B6-3754-8B3F-D1F0DC11EDA4}.Release|x64.Build.0 = Release|x64
		{E03E0C2E-64B6-3754-8B3F-D1F0DC11EDA4}.MinSizeRel|x64.ActiveCfg = MinSizeRel|x64
		{E03E0C2E-64B6-3754-8B3F-D1F0DC11EDA4}.MinSizeRel|x64.Build.0 = MinSizeRel|x64
		{E03E0C2E-64B6-3754-8B3F-D1F0DC11EDA4}.RelWithDebInfo|x64.ActiveCfg = RelWithDebInfo|x64
		{E03E0C2E-64B6-3754-8B3F-D1F0DC11EDA4}.RelWithDebInfo|x64.Build.0 = RelWithDebInfo|x64
		{5BAB07AE-5C8A-3C89-A732-7E9858ACF7E0}.Debug|x64.ActiveCfg = Debug|x64
		{5BAB07AE-5C8A-3C89-A732-7E9858ACF7E0}.Debug|x64.Build.0 = Debug|x64
		{5BAB07AE-5C8A-3C89-A732-7E9858ACF7E0}.Release|x64.ActiveCfg = Release|x64
		{5BAB07AE-5C8A-3C89-A732-7E9858ACF7E0}.Release|x64.Build.0 = Release|x64
		{5BAB07AE-5C8A-3C89-A732-7E9858ACF7E0}.MinSizeRel|x64.ActiveCfg = MinSizeRel|x64
		{5BAB07AE-5C8A-3C89-A732-7E9858ACF7E0}.MinSizeRel|x64.Build.0 = MinSizeRel|x64
		{5BAB07AE-5C8A-3C89-A732-7E9858ACF7E0}.RelWithDebInfo|x64.ActiveCfg = RelWithDebInfo|x64
		{5BAB07AE-5C8A-3C89-A732-7E9858ACF7E0}.RelWithDebInfo|x64.Build.0 = RelWithDebInfo|x64
		{0DEC2524-5DDA-3DBB-8DD9-E02F82C50383}.Debug|x64.ActiveCfg = Debug|x64
		{0DEC2524-5DDA-3DBB-8DD9-E02F82C50383}.Debug|x64.Build.0 = Debug|x64
		{0DEC2524-5DDA-3DBB-8DD9-E02F82C50383}.Release|x64.ActiveCfg = Release|x64
		{0DEC2524-5DDA-3DBB-8DD9-E02F82C50383}.Release|x64.Build.0 = Release|x64
		{0DEC2524-5DDA-3DBB-8DD9-E02F82C50383}.MinSizeRel|x64.ActiveCfg = MinSizeRel|x64
		{0DEC2524-5DDA-3DBB-8DD9-E02F82C50383}.MinSizeRel|x64.Build.0 = MinSizeRel|x64
		{0DEC2524-5DDA-3DBB-8DD9-E02F82C50383}.RelWithDebInfo|x64.ActiveCfg = RelWithDebInfo|x64
		{0DEC2524-5DDA-3DBB-8DD9-E02F82C50383}.RelWithDebInfo|x64.Build.0 = RelWithDebInfo|x64
		{60DF3735-B1DB-3995-9F36-76775DE81B88}.Debug|x64.ActiveCfg = Debug|x64
		{60DF3735-B1DB-3995-9F36-76775DE81B88}.Debug|x64.Build.0 = Debug|x64
		{60DF3735-B1DB-3995-9F36-76775DE81B88}.Release|x64.ActiveCfg = Release|x64
		{60DF3735-B1DB-3995-9F36-76775DE81B88}.Release|x64.Build.0 = Release|x64
		{60DF3735-B1DB-3995-9F36-76775DE81B88}.MinSizeRel|x64.ActiveCfg = MinSizeRel|x64
		{60DF3735-B1DB-3995-9F36-76775DE81B88}.MinSizeRel|x64.Build.0 = MinSizeRel|x64
		{60DF3735-B1DB-3995-9F36-76775DE81B88}.RelWithDebInfo|x64.ActiveCfg = RelWithDebInfo|x64
		{60DF3735-B1DB-3995-9F36-76775DE81B88}.RelWithDebInfo|x64.Build.0 = RelWithDebInfo|x64
		{667241D9-FAF3-35D2-91E4-BCCB1432A31A}.Debug|x64.ActiveCfg = Debug|x64
		{667241D9-FAF3-35D2-91E4-BCCB1432A31A}.Debug|x64.Build.0 = Debug|x64
		{667241D9-FAF3-35D2-91E4-BCCB1432A31A}.Release|x64.ActiveCfg = Release|x64
		{667241D9-FAF3-35D2-91E4-BCCB1432A31A}.Release|x64.Build.0 = Release|x64
		{667241D9-FAF3-35D2-91E4-BCCB1432A31A}.MinSizeRel|x64.ActiveCfg = MinSizeRel|x64
		{667241D9-FAF3-35D2-91E4-BCCB1432A31A}.MinSizeRel|x64.Build.0 = MinSizeRel|x64
		{667241D9-FAF3-35D2-91E4-BCCB1432A31A}.RelWithDebInfo|x64.ActiveCfg = RelWithDebInfo|x64
		{667241D9-FAF3-35D2-91E4-BCCB1432A31A}.RelWithDebInfo|x64.Build.0 = RelWithDebInfo|x64
		{8D476DB7-8CE1-3632-87F9-E89DAA272AF7}.Debug|x64.ActiveCfg = Debug|x64
		{8D476DB7-8CE1-3632-87F9-E89DAA272AF7}.Debug|x64.Build.0 = Debug|x64
		{8D476DB7-8CE1-3632-87F9-E89DAA272AF7}.Release|x64.ActiveCfg = Release|x64
		{8D476DB7-8CE1-3632-87F9-E89DAA272AF7}.Release|x64.Build.0 = Release|x64
		{8D476DB7-8CE1-3632-87F9-E89DAA272AF7}.MinSizeRel|x64.ActiveCfg = MinSizeRel|x64
		{8D476DB7-8CE1-3632-87F9-E89DAA272AF7}.MinSizeRel|x64.Build.0 = MinSizeRel|x64
		{8D476DB7-8CE1-3632-87F9-E89DAA272AF7}.RelWithDebInfo|x64.ActiveCfg = RelWithDebInfo|x64
		{8D476DB7-8CE1-3632-87F9-E89DAA272AF7}.RelWithDebInfo|x64.Build.0 = RelWithDebInfo|x64
		{85046D24-2EE9-3B7B-921C-DF3AC27B0454}.Debug|x64.ActiveCfg = Debug|x64
		{85046D24-2EE9-3B7B-921C-DF3AC27B0454}.Debug|x64.Build.0 = Debug|x64
		{85046D24-2EE9-3B7B-921C-DF3AC27B0454}.Release|x64.ActiveCfg = Release|x64
		{85046D24-2EE9-3B7B-921C-DF3AC27B0454}.Release|x64.Build.0 = Release|x64
		{85046D24-2EE9-3B7B-921C-DF3AC27B0454}.MinSizeRel|x64.ActiveCfg = MinSizeRel|x64
		{85046D24-2EE9-3B7B-921C-DF3AC27B0454}.MinSizeRel|x64.Build.0 = MinSizeRel|x64
		{85046D24-2EE9-3B7B-921C-DF3AC27B0454}.RelWithDebInfo|x64.ActiveCfg = RelWithDebInfo|x64
		{85046D24-2EE9-3B7B-921C-DF3AC27B0454}.RelWithDebInfo|x64.Build.0 = RelWithDebInfo|x64
		{5CEEA7BF-B4F6-3C16-AD7C-0408FD738926}.Debug|x64.ActiveCfg = Debug|x64
		{5CEEA7BF-B4F6-3C16-AD7C-0408FD738926}.Debug|x64.Build.0 = Debug|x64
		{5CEEA7BF-B4F6-3C16-AD7C-0408FD738926}.Release|x64.ActiveCfg = Release|x64
		{5CEEA7BF-B4F6-3C16-AD7C-0408FD738926}.Release|x64.Build.0 = Release|x64
		{5CEEA7BF-B4F6-3C16-AD7C-0408FD738926}.MinSizeRel|x64.ActiveCfg = MinSizeRel|x64
		{5CEEA7BF-B4F6-3C16-AD7C-0408FD738926}.MinSizeRel|x64.Build.0 = MinSizeRel|x64
		{5CEEA7BF-B4F6-3C16-AD7C-0408FD738926}.RelWithDebInfo|x64.ActiveCfg = RelWithDebInfo|x64
		{5CEEA7BF-B4F6-3C16-AD7C-0408FD738926}.RelWithDebInfo|x64.Build.0 = RelWithDebInfo|x64
		{F4323907-32C1-3FB4-AAD7-5E8F3F538C06}.Debug|x64.ActiveCfg = Debug|x64
		{F4323907-32C1-3FB4-AAD7-5E8F3F538C06}.Debug|x64.Build.0 = Debug|x64
		{F4323907-32C1-3FB4-AAD7-5E8F3F538C06}.Release|x64.ActiveCfg = Release|x64
		{F4323907-32C1-3FB4-AAD7-5E8F3F538C06}.Release|x64.Build.0 = Release|x64
		{F4323907-32C1-3FB4-AAD7-5E8F3F538C06}.MinSizeRel|x64.ActiveCfg = MinSizeRel|x64
		{F4323907-32C1-3FB4-AAD7-5E8F3F538C06}.MinSizeRel|x64.Build.0 = MinSizeRel|x64
		{F4323907-32C1-3FB4-AAD7-5E8F3F538C06}.RelWithDebInfo|x64.ActiveCfg = RelWithDebInfo|x64
		{F4323907-32C1-3FB4-AAD7-5E8F3F538C06}.RelWithDebInfo|x64.Build.0 = RelWithDebInfo|x64
		{794023F4-99C6-3352-9D4E-B1E4717C2F2A}.Debug|x64.ActiveCfg = Debug|x64
		{794023F4-99C6-3352-9D4E-B1E4717C2F2A}.Debug|x64.Build.0 = Debug|x64
		{794023F4-99C6-3352-9D4E-B1E4717C2F2A}.Release|x64.ActiveCfg = Release|x64
		{794023F4-99C6-3352-9D4E-B1E4717C2F2A}.Release|x64.Build.0 = Release|x64
		{794023F4-99C6-3352-9D4E-B1E4717C2F2A}.MinSizeRel|x64.ActiveCfg = MinSizeRel|x64
		{794023F4-99C6-3352-9D4E-B1E4717C2F2A}.MinSizeRel|x64.Build.0 = MinSizeRel|x64
		{794023F4-99C6-3352-9D4E-B1E4717C2F2A}.RelWithDebInfo|x64.ActiveCfg = RelWithDebInfo|x64
		{794023F4-99C6-3352-9D4E-B1E4717C2F2A}.RelWithDebInfo|x64.Build.0 = RelWithDebInfo|x64
		{22B8EBC3-0BDE-3BC9-A9AF-FB26DF95CD28}.Debug|x64.ActiveCfg = Debug|x64
		{22B8EBC3-0BDE-3BC9-A9AF-FB26DF95CD28}.Debug|x64.Build.0 = Debug|x64
		{22B8EBC3-0BDE-3BC9-A9AF-FB26DF95CD28}.Release|x64.ActiveCfg = Release|x64
		{22B8EBC3-0BDE-3BC9-A9AF-FB26DF95CD28}.Release|x64.Build.0 = Release|x64
		{22B8EBC3-0BDE-3BC9-A9AF-FB26DF95CD28}.MinSizeRel|x64.ActiveCfg = MinSizeRel|x64
		{22B8EBC3-0BDE-3BC9-A9AF-FB26DF95CD28}.MinSizeRel|x64.Build.0 = MinSizeRel|x64
		{22B8EBC3-0BDE-3BC9-A9AF-FB26DF95CD28}.RelWithDebInfo|x64.ActiveCfg = RelWithDebInfo|x64
		{22B8EBC3-0BDE-3BC9-A9AF-FB26DF95CD28}.RelWithDebInfo|x64.Build.0 = RelWithDebInfo|x64
		{3B0A4546-BAAE-3F25-9ED8-143C5964BA7C}.Debug|x64.ActiveCfg = Debug|x64
		{3B0A4546-BAAE-3F25-9ED8-143C5964BA7C}.Debug|x64.Build.0 = Debug|x64
		{3B0A4546-BAAE-3F25-9ED8-143C5964BA7C}.Release|x64.ActiveCfg = Release|x64
		{3B0A4546-BAAE-3F25-9ED8-143C5964BA7C}.Release|x64.Build.0 = Release|x64
		{3B0A4546-BAAE-3F25-9ED8-143C5964BA7C}.MinSizeRel|x64.ActiveCfg = MinSizeRel|x64
		{3B0A4546-BAAE-3F25-9ED8-143C5964BA7C}.MinSizeRel|x64.Build.0 = MinSizeRel|x64
		{3B0A4546-BAAE-3F25-9ED8-143C5964BA7C}.RelWithDebInfo|x64.ActiveCfg = RelWithDebInfo|x64
		{3B0A4546-BAAE-3F25-9ED8-143C5964BA7C}.RelWithDebInfo|x64.Build.0 = RelWithDebInfo|x64
		{1C07BF15-31B1-3BC4-8FFA-8024F505DFEC}.Debug|x64.ActiveCfg = Debug|x64
		{1C07BF15-31B1-3BC4-8FFA-8024F505DFEC}.Debug|x64.Build.0 = Debug|x64
		{1C07BF15-31B1-3BC4-8FFA-8024F505DFEC}.Release|x64.ActiveCfg = Release|x64
		{1C07BF15-31B1-3BC4-8FFA-8024F505DFEC}.Release|x64.Build.0 = Release|x64
		{1C07BF15-31B1-3BC4-8FFA-8024F505DFEC}.MinSizeRel|x64.ActiveCfg = MinSizeRel|x64
		{1C07BF15-31B1-3BC4-8FFA-8024F505DFEC}.MinSizeRel|x64.Build.0 = MinSizeRel|x64
		{1C07BF15-31B1-3BC4-8FFA-8024F505DFEC}.RelWithDebInfo|x64.ActiveCfg = RelWithDebInfo|x64
		{1C07BF15-31B1-3BC4-8FFA-8024F505DFEC}.RelWithDebInfo|x64.Build.0 = RelWithDebInfo|x64
		{2D304502-C9F7-3C4C-856A-71DB50CD7197}.Debug|x64.ActiveCfg = Debug|x64
		{2D304502-C9F7-3C4C-856A-71DB50CD7197}.Debug|x64.Build.0 = Debug|x64
		{2D304502-C9F7-3C4C-856A-71DB50CD7197}.Release|x64.ActiveCfg = Release|x64
		{2D304502-C9F7-3C4C-856A-71DB50CD7197}.Release|x64.Build.0 = Release|x64
		{2D304502-C9F7-3C4C-856A-71DB50CD7197}.MinSizeRel|x64.ActiveCfg = MinSizeRel|x64
		{2D304502-C9F7-3C4C-856A-71DB50CD7197}.MinSizeRel|x64.Build.0 = MinSizeRel|x64
		{2D304502-C9F7-3C4C-856A-71DB50CD7197}.RelWithDebInfo|x64.ActiveCfg = RelWithDebInfo|x64
		{2D304502-C9F7-3C4C-856A-71DB50CD7197}.RelWithDebInfo|x64.Build.0 = RelWithDebInfo|x64
		{1121BD33-73D3-3FE7-98EE-CF92E9E45F12}.Debug|x64.ActiveCfg = Debug|x64
		{1121BD33-73D3-3FE7-98EE-CF92E9E45F12}.Debug|x64.Build.0 = Debug|x64
		{1121BD33-73D3-3FE7-98EE-CF92E9E45F12}.Release|x64.ActiveCfg = Release|x64
		{1121BD33-73D3-3FE7-98EE-CF92E9E45F12}.Release|x64.Build.0 = Release|x64
		{1121BD33-73D3-3FE7-98EE-CF92E9E45F12}.MinSizeRel|x64.ActiveCfg = MinSizeRel|x64
		{1121BD33-73D3-3FE7-98EE-CF92E9E45F12}.MinSizeRel|x64.Build.0 = MinSizeRel|x64
		{1121BD33-73D3-3FE7-98EE-CF92E9E45F12}.RelWithDebInfo|x64.ActiveCfg = RelWithDebInfo|x64
		{1121BD33-73D3-3FE7-98EE-CF92E9E45F12}.RelWithDebInfo|x64.Build.0 = RelWithDebInfo|x64
		{6D4334FF-333F-3FE8-93D3-EC2509AC05AC}.Debug|x64.ActiveCfg = Debug|x64
		{6D4334FF-333F-3FE8-93D3-EC2509AC05AC}.Debug|x64.Build.0 = Debug|x64
		{6D4334FF-333F-3FE8-93D3-EC2509AC05AC}.Release|x64.ActiveCfg = Release|x64
		{6D4334FF-333F-3FE8-93D3-EC2509AC05AC}.Release|x64.Build.0 = Release|x64
		{6D4334FF-333F-3FE8-93D3-EC2509AC05AC}.MinSizeRel|x64.ActiveCfg = MinSizeRel|x64
		{6D4334FF-333F-3FE8-93D3-EC2509AC05AC}.MinSizeRel|x64.Build.0 = MinSizeRel|x64
		{6D4334FF-333F-3FE8-93D3-EC2509AC05AC}.RelWithDebInfo|x64.ActiveCfg = RelWithDebInfo|x64
		{6D4334FF-333F-3FE8-93D3-EC2509AC05AC}.RelWithDebInfo|x64.Build.0 = RelWithDebInfo|x64
		{19480517-C142-30F3-9EEE-179C0C1516AE}.Debug|x64.ActiveCfg = Debug|x64
		{19480517-C142-30F3-9EEE-179C0C1516AE}.Debug|x64.Build.0 = Debug|x64
		{19480517-C142-30F3-9EEE-179C0C1516AE}.Release|x64.ActiveCfg = Release|x64
		{19480517-C142-30F3-9EEE-179C0C1516AE}.Release|x64.Build.0 = Release|x64
		{19480517-C142-30F3-9EEE-179C0C1516AE}.MinSizeRel|x64.ActiveCfg = MinSizeRel|x64
		{19480517-C142-30F3-9EEE-179C0C1516AE}.MinSizeRel|x64.Build.0 = MinSizeRel|x64
		{19480517-C142-30F3-9EEE-179C0C1516AE}.RelWithDebInfo|x64.ActiveCfg = RelWithDebInfo|x64
		{19480517-C142-30F3-9EEE-179C0C1516AE}.RelWithDebInfo|x64.Build.0 = RelWithDebInfo|x64
		{05EFDAA4-466C-3C20-9A06-AFFAC69EC292}.Debug|x64.ActiveCfg = Debug|x64
		{05EFDAA4-466C-3C20-9A06-AFFAC69EC292}.Debug|x64.Build.0 = Debug|x64
		{05EFDAA4-466C-3C20-9A06-AFFAC69EC292}.Release|x64.ActiveCfg = Release|x64
		{05EFDAA4-466C-3C20-9A06-AFFAC69EC292}.Release|x64.Build.0 = Release|x64
		{05EFDAA4-466C-3C20-9A06-AFFAC69EC292}.MinSizeRel|x64.ActiveCfg = MinSizeRel|x64
		{05EFDAA4-466C-3C20-9A06-AFFAC69EC292}.MinSizeRel|x64.Build.0 = MinSizeRel|x64
		{05EFDAA4-466C-3C20-9A06-AFFAC69EC292}.RelWithDebInfo|x64.ActiveCfg = RelWithDebInfo|x64
		{05EFDAA4-466C-3C20-9A06-AFFAC69EC292}.RelWithDebInfo|x64.Build.0 = RelWithDebInfo|x64
		{60256E8B-B085-3134-A409-B4DA23473CE4}.Debug|x64.ActiveCfg = Debug|x64
		{60256E8B-B085-3134-A409-B4DA23473CE4}.Debug|x64.Build.0 = Debug|x64
		{60256E8B-B085-3134-A409-B4DA23473CE4}.Release|x64.ActiveCfg = Release|x64
		{60256E8B-B085-3134-A409-B4DA23473CE4}.Release|x64.Build.0 = Release|x64
		{60256E8B-B085-3134-A409-B4DA23473CE4}.MinSizeRel|x64.ActiveCfg = MinSizeRel|x64
		{60256E8B-B085-3134-A409-B4DA23473CE4}.MinSizeRel|x64.Build.0 = MinSizeRel|x64
		{60256E8B-B085-3134-A409-B4DA23473CE4}.RelWithDebInfo|x64.ActiveCfg = RelWithDebInfo|x64
		{60256E8B-B085-3134-A409-B4DA23473CE4}.RelWithDebInfo|x64.Build.0 = RelWithDebInfo|x64
		{AAFF8616-B953-3DC5-BFC1-C5548AC2DF36}.Debug|x64.ActiveCfg = Debug|x64
		{AAFF8616-B953-3DC5-BFC1-C5548AC2DF36}.Debug|x64.Build.0 = Debug|x64
		{AAFF8616-B953-3DC5-BFC1-C5548AC2DF36}.Release|x64.ActiveCfg = Release|x64
		{AAFF8616-B953-3DC5-BFC1-C5548AC2DF36}.Release|x64.Build.0 = Release|x64
		{AAFF8616-B953-3DC5-BFC1-C5548AC2DF36}.MinSizeRel|x64.ActiveCfg = MinSizeRel|x64
		{AAFF8616-B953-3DC5-BFC1-C5548AC2DF36}.MinSizeRel|x64.Build.0 = MinSizeRel|x64
		{AAFF8616-B953-3DC5-BFC1-C5548AC2DF36}.RelWithDebInfo|x64.ActiveCfg = RelWithDebInfo|x64
		{AAFF8616-B953-3DC5-BFC1-C5548AC2DF36}.RelWithDebInfo|x64.Build.0 = RelWithDebInfo|x64
		{7A5088FB-C2BA-3780-8DB7-67A0AE837495}.Debug|x64.ActiveCfg = Debug|x64
		{7A5088FB-C2BA-3780-8DB7-67A0AE837495}.Debug|x64.Build.0 = Debug|x64
		{7A5088FB-C2BA-3780-8DB7-67A0AE837495}.Release|x64.ActiveCfg = Release|x64
		{7A5088FB-C2BA-3780-8DB7-67A0AE837495}.Release|x64.Build.0 = Release|x64
		{7A5088FB-C2BA-3780-8DB7-67A0AE837495}.MinSizeRel|x64.ActiveCfg = MinSizeRel|x64
		{7A5088FB-C2BA-3780-8DB7-67A0AE837495}.MinSizeRel|x64.Build.0 = MinSizeRel|x64
		{7A5088FB-C2BA-3780-8DB7-67A0AE837495}.RelWithDebInfo|x64.ActiveCfg = RelWithDebInfo|x64
		{7A5088FB-C2BA-3780-8DB7-67A0AE837495}.RelWithDebInfo|x64.Build.0 = RelWithDebInfo|x64
		{E16A5EE8-86E4-325F-BCAC-69E817496135}.Debug|x64.ActiveCfg = Debug|x64
		{E16A5EE8-86E4-325F-BCAC-69E817496135}.Debug|x64.Build.0 = Debug|x64
		{E16A5EE8-86E4-325F-BCAC-69E817496135}.Release|x64.ActiveCfg = Release|x64
		{E16A5EE8-86E4-325F-BCAC-69E817496135}.Release|x64.Build.0 = Release|x64
		{E16A5EE8-86E4-325F-BCAC-69E817496135}.MinSizeRel|x64.ActiveCfg = MinSizeRel|x64
		{E16A5EE8-86E4-325F-BCAC-69E817496135}.MinSizeRel|x64.Build.0 = MinSizeRel|x64
		{E16A5EE8-86E4-325F-BCAC-69E817496135}.RelWithDebInfo|x64.ActiveCfg = RelWithDebInfo|x64
		{E16A5EE8-86E4-325F-BCAC-69E817496135}.RelWithDebInfo|x64.Build.0 = RelWithDebInfo|x64
		{545E31FE-44DE-329D-889E-12E1B850494D}.Debug|x64.ActiveCfg = Debug|x64
		{545E31FE-44DE-329D-889E-12E1B850494D}.Debug|x64.Build.0 = Debug|x64
		{545E31FE-44DE-329D-889E-12E1B850494D}.Release|x64.ActiveCfg = Release|x64
		{545E31FE-44DE-329D-889E-12E1B850494D}.Release|x64.Build.0 = Release|x64
		{545E31FE-44DE-329D-889E-12E1B850494D}.MinSizeRel|x64.ActiveCfg = MinSizeRel|x64
		{545E31FE-44DE-329D-889E-12E1B850494D}.MinSizeRel|x64.Build.0 = MinSizeRel|x64
		{545E31FE-44DE-329D-889E-12E1B850494D}.RelWithDebInfo|x64.ActiveCfg = RelWithDebInfo|x64
		{545E31FE-44DE-329D-889E-12E1B850494D}.RelWithDebInfo|x64.Build.0 = RelWithDebInfo|x64
		{3091AF45-A6BC-39DB-BF5C-D0D371355728}.Debug|x64.ActiveCfg = Debug|x64
		{3091AF45-A6BC-39DB-BF5C-D0D371355728}.Debug|x64.Build.0 = Debug|x64
		{3091AF45-A6BC-39DB-BF5C-D0D371355728}.Release|x64.ActiveCfg = Release|x64
		{3091AF45-A6BC-39DB-BF5C-D0D371355728}.Release|x64.Build.0 = Release|x64
		{3091AF45-A6BC-39DB-BF5C-D0D371355728}.MinSizeRel|x64.ActiveCfg = MinSizeRel|x64
		{3091AF45-A6BC-39DB-BF5C-D0D371355728}.MinSizeRel|x64.Build.0 = MinSizeRel|x64
		{3091AF45-A6BC-39DB-BF5C-D0D371355728}.RelWithDebInfo|x64.ActiveCfg = RelWithDebInfo|x64
		{3091AF45-A6BC-39DB-BF5C-D0D371355728}.RelWithDebInfo|x64.Build.0 = RelWithDebInfo|x64
		{09BB4143-5FCE-3F23-A481-9B7943031E6B}.Debug|x64.ActiveCfg = Debug|x64
		{09BB4143-5FCE-3F23-A481-9B7943031E6B}.Debug|x64.Build.0 = Debug|x64
		{09BB4143-5FCE-3F23-A481-9B7943031E6B}.Release|x64.ActiveCfg = Release|x64
		{09BB4143-5FCE-3F23-A481-9B7943031E6B}.Release|x64.Build.0 = Release|x64
		{09BB4143-5FCE-3F23-A481-9B7943031E6B}.MinSizeRel|x64.ActiveCfg = MinSizeRel|x64
		{09BB4143-5FCE-3F23-A481-9B7943031E6B}.MinSizeRel|x64.Build.0 = MinSizeRel|x64
		{09BB4143-5FCE-3F23-A481-9B7943031E6B}.RelWithDebInfo|x64.ActiveCfg = RelWithDebInfo|x64
		{09BB4143-5FCE-3F23-A481-9B7943031E6B}.RelWithDebInfo|x64.Build.0 = RelWithDebInfo|x64
		{DDDA9636-B793-3B6C-92C2-840009059306}.Debug|x64.ActiveCfg = Debug|x64
		{DDDA9636-B793-3B6C-92C2-840009059306}.Debug|x64.Build.0 = Debug|x64
		{DDDA9636-B793-3B6C-92C2-840009059306}.Release|x64.ActiveCfg = Release|x64
		{DDDA9636-B793-3B6C-92C2-840009059306}.Release|x64.Build.0 = Release|x64
		{DDDA9636-B793-3B6C-92C2-840009059306}.MinSizeRel|x64.ActiveCfg = MinSizeRel|x64
		{DDDA9636-B793-3B6C-92C2-840009059306}.MinSizeRel|x64.Build.0 = MinSizeRel|x64
		{DDDA9636-B793-3B6C-92C2-840009059306}.RelWithDebInfo|x64.ActiveCfg = RelWithDebInfo|x64
		{DDDA9636-B793-3B6C-92C2-840009059306}.RelWithDebInfo|x64.Build.0 = RelWithDebInfo|x64
		{D0164BCE-810B-3219-B18C-3F3B4693A27F}.Debug|x64.ActiveCfg = Debug|x64
		{D0164BCE-810B-3219-B18C-3F3B4693A27F}.Debug|x64.Build.0 = Debug|x64
		{D0164BCE-810B-3219-B18C-3F3B4693A27F}.Release|x64.ActiveCfg = Release|x64
		{D0164BCE-810B-3219-B18C-3F3B4693A27F}.Release|x64.Build.0 = Release|x64
		{D0164BCE-810B-3219-B18C-3F3B4693A27F}.MinSizeRel|x64.ActiveCfg = MinSizeRel|x64
		{D0164BCE-810B-3219-B18C-3F3B4693A27F}.MinSizeRel|x64.Build.0 = MinSizeRel|x64
		{D0164BCE-810B-3219-B18C-3F3B4693A27F}.RelWithDebInfo|x64.ActiveCfg = RelWithDebInfo|x64
		{D0164BCE-810B-3219-B18C-3F3B4693A27F}.RelWithDebInfo|x64.Build.0 = RelWithDebInfo|x64
		{41568CD2-80AC-36A5-A266-45C4D5AE3C60}.Debug|x64.ActiveCfg = Debug|x64
		{41568CD2-80AC-36A5-A266-45C4D5AE3C60}.Debug|x64.Build.0 = Debug|x64
		{41568CD2-80AC-36A5-A266-45C4D5AE3C60}.Release|x64.ActiveCfg = Release|x64
		{41568CD2-80AC-36A5-A266-45C4D5AE3C60}.Release|x64.Build.0 = Release|x64
		{41568CD2-80AC-36A5-A266-45C4D5AE3C60}.MinSizeRel|x64.ActiveCfg = MinSizeRel|x64
		{41568CD2-80AC-36A5-A266-45C4D5AE3C60}.MinSizeRel|x64.Build.0 = MinSizeRel|x64
		{41568CD2-80AC-36A5-A266-45C4D5AE3C60}.RelWithDebInfo|x64.ActiveCfg = RelWithDebInfo|x64
		{41568CD2-80AC-36A5-A266-45C4D5AE3C60}.RelWithDebInfo|x64.Build.0 = RelWithDebInfo|x64
		{E83741F3-95C8-3EA4-8BDD-C3B2CF431625}.Debug|x64.ActiveCfg = Debug|x64
		{E83741F3-95C8-3EA4-8BDD-C3B2CF431625}.Release|x64.ActiveCfg = Release|x64
		{E83741F3-95C8-3EA4-8BDD-C3B2CF431625}.MinSizeRel|x64.ActiveCfg = MinSizeRel|x64
		{E83741F3-95C8-3EA4-8BDD-C3B2CF431625}.RelWithDebInfo|x64.ActiveCfg = RelWithDebInfo|x64
		{0718C6FB-CC91-341D-B537-2213F58AE1CD}.Debug|x64.ActiveCfg = Debug|x64
		{0718C6FB-CC91-341D-B537-2213F58AE1CD}.Release|x64.ActiveCfg = Release|x64
		{0718C6FB-CC91-341D-B537-2213F58AE1CD}.MinSizeRel|x64.ActiveCfg = MinSizeRel|x64
		{0718C6FB-CC91-341D-B537-2213F58AE1CD}.RelWithDebInfo|x64.ActiveCfg = RelWithDebInfo|x64
		{0CADEBE1-3758-3308-846B-D7EC9B1A0F72}.Debug|x64.ActiveCfg = Debug|x64
		{0CADEBE1-3758-3308-846B-D7EC9B1A0F72}.Debug|x64.Build.0 = Debug|x64
		{0CADEBE1-3758-3308-846B-D7EC9B1A0F72}.Release|x64.ActiveCfg = Release|x64
		{0CADEBE1-3758-3308-846B-D7EC9B1A0F72}.Release|x64.Build.0 = Release|x64
		{0CADEBE1-3758-3308-846B-D7EC9B1A0F72}.MinSizeRel|x64.ActiveCfg = MinSizeRel|x64
		{0CADEBE1-3758-3308-846B-D7EC9B1A0F72}.MinSizeRel|x64.Build.0 = MinSizeRel|x64
		{0CADEBE1-3758-3308-846B-D7EC9B1A0F72}.RelWithDebInfo|x64.ActiveCfg = RelWithDebInfo|x64
		{0CADEBE1-3758-3308-846B-D7EC9B1A0F72}.RelWithDebInfo|x64.Build.0 = RelWithDebInfo|x64
		{8593F73B-5AB6-399E-808A-3C04DC9FBDAF}.Debug|x64.ActiveCfg = Debug|x64
		{8593F73B-5AB6-399E-808A-3C04DC9FBDAF}.Debug|x64.Build.0 = Debug|x64
		{8593F73B-5AB6-399E-808A-3C04DC9FBDAF}.Release|x64.ActiveCfg = Release|x64
		{8593F73B-5AB6-399E-808A-3C04DC9FBDAF}.Release|x64.Build.0 = Release|x64
		{8593F73B-5AB6-399E-808A-3C04DC9FBDAF}.MinSizeRel|x64.ActiveCfg = MinSizeRel|x64
		{8593F73B-5AB6-399E-808A-3C04DC9FBDAF}.MinSizeRel|x64.Build.0 = MinSizeRel|x64
		{8593F73B-5AB6-399E-808A-3C04DC9FBDAF}.RelWithDebInfo|x64.ActiveCfg = RelWithDebInfo|x64
		{8593F73B-5AB6-399E-808A-3C04DC9FBDAF}.RelWithDebInfo|x64.Build.0 = RelWithDebInfo|x64
	EndGlobalSection
	GlobalSection(NestedProjects) = preSolution
		{A4AEB8A1-469F-3519-BA25-156DC4AE7CFE} = {48C20FD7-6BF9-3E6E-BB3A-2C89007E086B}
		{CB60DF34-7881-31E9-9C77-1CFAD7A0858A} = {48C20FD7-6BF9-3E6E-BB3A-2C89007E086B}
		{03D55F14-6038-3F55-B00B-31B0BAEB04CC} = {48C20FD7-6BF9-3E6E-BB3A-2C89007E086B}
		{7A947FD6-5DD7-3D9C-AFE6-76190CBB4BA4} = {79B78BA7-F724-3DC2-92CA-05ED3DB588AD}
		{8C254F75-A8C5-3191-8204-F3F389010196} = {79B78BA7-F724-3DC2-92CA-05ED3DB588AD}
		{5CEEA7BF-B4F6-3C16-AD7C-0408FD738926} = {79B78BA7-F724-3DC2-92CA-05ED3DB588AD}
		{E83741F3-95C8-3EA4-8BDD-C3B2CF431625} = {79B78BA7-F724-3DC2-92CA-05ED3DB588AD}
		{0718C6FB-CC91-341D-B537-2213F58AE1CD} = {79B78BA7-F724-3DC2-92CA-05ED3DB588AD}
		{E03E0C2E-64B6-3754-8B3F-D1F0DC11EDA4} = {7A947FD6-5DD7-3D9C-AFE6-76190CBB4BA4}
		{85046D24-2EE9-3B7B-921C-DF3AC27B0454} = {7A947FD6-5DD7-3D9C-AFE6-76190CBB4BA4}
		{794023F4-99C6-3352-9D4E-B1E4717C2F2A} = {7A947FD6-5DD7-3D9C-AFE6-76190CBB4BA4}
		{19480517-C142-30F3-9EEE-179C0C1516AE} = {7A947FD6-5DD7-3D9C-AFE6-76190CBB4BA4}
		{60256E8B-B085-3134-A409-B4DA23473CE4} = {7A947FD6-5DD7-3D9C-AFE6-76190CBB4BA4}
		{7A5088FB-C2BA-3780-8DB7-67A0AE837495} = {7A947FD6-5DD7-3D9C-AFE6-76190CBB4BA4}
		{E16A5EE8-86E4-325F-BCAC-69E817496135} = {7A947FD6-5DD7-3D9C-AFE6-76190CBB4BA4}
		{545E31FE-44DE-329D-889E-12E1B850494D} = {7A947FD6-5DD7-3D9C-AFE6-76190CBB4BA4}
		{0CADEBE1-3758-3308-846B-D7EC9B1A0F72} = {7A947FD6-5DD7-3D9C-AFE6-76190CBB4BA4}
		{5BAB07AE-5C8A-3C89-A732-7E9858ACF7E0} = {8C254F75-A8C5-3191-8204-F3F389010196}
		{0DEC2524-5DDA-3DBB-8DD9-E02F82C50383} = {8C254F75-A8C5-3191-8204-F3F389010196}
		{60DF3735-B1DB-3995-9F36-76775DE81B88} = {8C254F75-A8C5-3191-8204-F3F389010196}
		{667241D9-FAF3-35D2-91E4-BCCB1432A31A} = {8C254F75-A8C5-3191-8204-F3F389010196}
		{8D476DB7-8CE1-3632-87F9-E89DAA272AF7} = {8C254F75-A8C5-3191-8204-F3F389010196}
		{F4323907-32C1-3FB4-AAD7-5E8F3F538C06} = {8C254F75-A8C5-3191-8204-F3F389010196}
		{22B8EBC3-0BDE-3BC9-A9AF-FB26DF95CD28} = {8C254F75-A8C5-3191-8204-F3F389010196}
		{3B0A4546-BAAE-3F25-9ED8-143C5964BA7C} = {8C254F75-A8C5-3191-8204-F3F389010196}
		{1C07BF15-31B1-3BC4-8FFA-8024F505DFEC} = {8C254F75-A8C5-3191-8204-F3F389010196}
		{2D304502-C9F7-3C4C-856A-71DB50CD7197} = {8C254F75-A8C5-3191-8204-F3F389010196}
		{1121BD33-73D3-3FE7-98EE-CF92E9E45F12} = {8C254F75-A8C5-3191-8204-F3F389010196}
		{6D4334FF-333F-3FE8-93D3-EC2509AC05AC} = {8C254F75-A8C5-3191-8204-F3F389010196}
		{05EFDAA4-466C-3C20-9A06-AFFAC69EC292} = {8C254F75-A8C5-3191-8204-F3F389010196}
		{AAFF8616-B953-3DC5-BFC1-C5548AC2DF36} = {8C254F75-A8C5-3191-8204-F3F389010196}
		{3091AF45-A6BC-39DB-BF5C-D0D371355728} = {8C254F75-A8C5-3191-8204-F3F389010196}
		{09BB4143-5FCE-3F23-A481-9B7943031E6B} = {8C254F75-A8C5-3191-8204-F3F389010196}
		{DDDA9636-B793-3B6C-92C2-840009059306} = {8C254F75-A8C5-3191-8204-F3F389010196}
		{D0164BCE-810B-3219-B18C-3F3B4693A27F} = {8C254F75-A8C5-3191-8204-F3F389010196}
		{41568CD2-80AC-36A5-A266-45C4D5AE3C60} = {8C254F75-A8C5-3191-8204-F3F389010196}
		{8593F73B-5AB6-399E-808A-3C04DC9FBDAF} = {8C254F75-A8C5-3191-8204-F3F389010196}
	EndGlobalSection
	GlobalSection(ExtensibilityGlobals) = postSolution
		SolutionGuid = {FC7DB123-54C3-3A78-A889-627E3AEE5146}
	EndGlobalSection
	GlobalSection(ExtensibilityAddIns) = postSolution
	EndGlobalSection
EndGlobal
